Microsoft Visual Studio Solution File, Format Version 12.00
# Visual Studio Version 17
VisualStudioVersion = 17.5.2.0
MinimumVisualStudioVersion = 10.0.40219.1
Project("{FAE04EC0-301F-11D3-BF4B-00C04F79EFBC}") = "HaulingDemoApp", "HaulingDemoApp\HaulingDemoApp.csproj", "{72E2DE03-5728-2A8C-EA37-FD403112285D}"
EndProject
Global
	GlobalSection(SolutionConfigurationPlatforms) = preSolution
		Debug|Any CPU = Debug|Any CPU
		Release|Any CPU = Release|Any CPU
	EndGlobalSection
	GlobalSection(ProjectConfigurationPlatforms) = postSolution
		{72E2DE03-5728-2A8C-EA37-FD403112285D}.Debug|Any CPU.ActiveCfg = Debug|Any CPU
		{72E2DE03-5728-2A8C-EA37-FD403112285D}.Debug|Any CPU.Build.0 = Debug|Any CPU
		{72E2DE03-5728-2A8C-EA37-FD403112285D}.Release|Any CPU.ActiveCfg = Release|Any CPU
		{72E2DE03-5728-2A8C-EA37-FD403112285D}.Release|Any CPU.Build.0 = Release|Any CPU
	EndGlobalSection
	GlobalSection(SolutionProperties) = preSolution
		HideSolutionNode = FALSE
	EndGlobalSection
	GlobalSection(ExtensibilityGlobals) = postSolution
		SolutionGuid = {436AF324-36C8-4361-84AA-28FB8E38F2B2}
	EndGlobalSection
EndGlobal
